{
  "version": "4",
  "specifiers": {
    "jsr:@std/cli@*": "1.0.5",
    "jsr:@std/collections@*": "1.0.8",
    "jsr:@std/collections@^1.0.5": "1.0.8",
    "jsr:@std/csv@*": "1.0.3",
    "jsr:@std/fmt@^1.0.2": "1.0.2",
    "jsr:@std/fs@^1.0.3": "1.0.3",
    "jsr:@std/io@~0.224.7": "0.224.7",
    "jsr:@std/log@*": "0.224.7",
    "jsr:@std/path@*": "1.0.4",
    "jsr:@std/streams@^1.0.4": "1.0.4",
    "jsr:@std/toml@*": "1.0.1",
    "jsr:@std/yaml@*": "1.0.5"
  },
  "jsr": {
    "@std/cli@1.0.5": {
      "integrity": "c93cce26ffd26f617c15a12874e1bfeabc90b1eee86017c9639093734c2bf587"
    },
    "@std/collections@1.0.8": {
      "integrity": "de76692f9121838711b1d2fb5042619c074db26905a87b58cff56cfe1bd6d6d0"
    },
    "@std/csv@1.0.3": {
      "integrity": "623acf0dcb88d62ba727c3611ad005df7f109ede8cac833e3986f540744562e5",
      "dependencies": [
        "jsr:@std/streams"
      ]
    },
    "@std/fmt@1.0.2": {
      "integrity": "87e9dfcdd3ca7c066e0c3c657c1f987c82888eb8103a3a3baa62684ffeb0f7a7"
    },
    "@std/fs@1.0.3": {
      "integrity": "3cb839b1360b0a42d8b367c3093bfe4071798e6694fa44cf1963e04a8edba4fe"
    },
    "@std/io@0.224.7": {
      "integrity": "a70848793c44a7c100926571a8c9be68ba85487bfcd4d0540d86deabe1123dc9"
    },
    "@std/log@0.224.7": {
      "integrity": "021941e5cd16de60cb11599c9b36f892aea95987fe66c753922808da27909e18",
      "dependencies": [
        "jsr:@std/fmt",
        "jsr:@std/fs",
        "jsr:@std/io"
      ]
    },
    "@std/path@1.0.4": {
      "integrity": "48dd5d8389bcfcd619338a01bdf862cb7799933390146a54ae59356a0acc7105"
    },
    "@std/streams@1.0.4": {
      "integrity": "a1a5b01c74ca1d2dcaacfe1d4bbb91392e765946d82a3471bd95539adc6da83a"
    },
    "@std/toml@1.0.1": {
      "integrity": "b55b407159930f338d384b1f8fd317c8e8a35e27ebb8946155f49e3a158d16c4",
      "dependencies": [
        "jsr:@std/collections@^1.0.5"
      ]
    },
    "@std/yaml@1.0.5": {
      "integrity": "71ba3d334305ee2149391931508b2c293a8490f94a337eef3a09cade1a2a2742"
    }
  },
  "remote": {
    "https://deno.land/std@0.94.0/node/tty.ts": "9fa7f7b461759774b4eeab00334ac5d25b69bf0de003c02814be01e65150da79",
    "https://deno.land/x/chalk_deno@v4.1.1-deno/source/ansi-styles/index.js": "7cc96ab93d1c9cfc0746e9dffb40be872e42ee242906f48e68df0d2c9669f737",
    "https://deno.land/x/chalk_deno@v4.1.1-deno/source/has-flag/index.js": "aed21e4eba656057e7b8c6024305f5354d2ebee2adc857a1d8cd5207923de7e5",
    "https://deno.land/x/chalk_deno@v4.1.1-deno/source/index.js": "6339123f32f7eb4b17c5c9c926ecdf3dbc353fd4fda7811ad2d3c1d4b98a7420",
    "https://deno.land/x/chalk_deno@v4.1.1-deno/source/supports-color/index.js": "4d7f2d216b6ac9013d9ec7e004de21f5a7d00bf2be4075bab2d82638d0d41a86",
    "https://deno.land/x/chalk_deno@v4.1.1-deno/source/templates.js": "f2e12be18cb84710e341e5499528280278052909fa74a12cefc9e2cc26a597ac",
    "https://deno.land/x/chalk_deno@v4.1.1-deno/source/util.js": "cd08297ec411dcee91826ad01a00d3427235d4548ba605a59e64f0da83af8306"
  }
}
