# THIS IS AN AUTOGENERATED FILE. DO NOT EDIT THIS FILE DIRECTLY.
# yarn lockfile v1


"@babel/helper-string-parser@^7.27.1":
  version "7.27.1"
  resolved "https://registry.yarnpkg.com/@babel/helper-string-parser/-/helper-string-parser-7.27.1.tgz#54da796097ab19ce67ed9f88b47bb2ec49367687"
  integrity sha512-qMlSxKbpRlAridDExk92nSobyDdpPijUq2DW6oDnUqd0iOGxmQjyqhMIihI9+zv4LPyZdRje2cavWPbCbWm3eA==

"@babel/helper-validator-identifier@^7.27.1":
  version "7.27.1"
  resolved "https://registry.yarnpkg.com/@babel/helper-validator-identifier/-/helper-validator-identifier-7.27.1.tgz#a7054dcc145a967dd4dc8fee845a57c1316c9df8"
  integrity sha512-D2hP9eA+Sqx1kBZgzxZh0y1trbuU+JoDkiEwqhQ36nodYqJwyEIhPSdMNd7lOm/4io72luTPWH20Yda0xOuUow==

"@babel/parser@^7.6.0", "@babel/parser@^7.9.6":
  version "7.27.5"
  resolved "https://registry.yarnpkg.com/@babel/parser/-/parser-7.27.5.tgz#ed22f871f110aa285a6fd934a0efed621d118826"
  integrity sha512-OsQd175SxWkGlzbny8J3K8TnnDD0N3lrIUtB92xwyRpzaenGZhxDvxN/JgU00U3CDZNj9tPuDJ5H0WS4Nt3vKg==
  dependencies:
    "@babel/types" "^7.27.3"

"@babel/types@^7.27.3", "@babel/types@^7.6.1", "@babel/types@^7.9.6":
  version "7.27.6"
  resolved "https://registry.yarnpkg.com/@babel/types/-/types-7.27.6.tgz#a434ca7add514d4e646c80f7375c0aa2befc5535"
  integrity sha512-ETyHEk2VHHvl9b9jZP5IHPavHYk57EhanlRRuae9XCpb/j5bDCbPPMOBfCWhnl/7EDJz0jEMCi/RhccCE8r1+Q==
  dependencies:
    "@babel/helper-string-parser" "^7.27.1"
    "@babel/helper-validator-identifier" "^7.27.1"

"@lezer/common@^1.0.0":
  version "1.2.3"
  resolved "https://registry.yarnpkg.com/@lezer/common/-/common-1.2.3.tgz#138fcddab157d83da557554851017c6c1e5667fd"
  integrity sha512-w7ojc8ejBqr2REPsWxJjrMFsA/ysDCFICn8zEOR9mrqzOu2amhITYuLD8ag6XZf0CFXDrhKqw7+tW8cX66NaDA==

"@lezer/lr@^1.0.0":
  version "1.4.2"
  resolved "https://registry.yarnpkg.com/@lezer/lr/-/lr-1.4.2.tgz#931ea3dea8e9de84e90781001dae30dea9ff1727"
  integrity sha512-pu0K1jCIdnQ12aWNaAVU5bzi7Bd1w54J3ECgANPmYLtQKP0HBj2cE/5coBD66MT10xbtIuUr7tg0Shbsvk0mDA==
  dependencies:
    "@lezer/common" "^1.0.0"

"@mischnic/json-sourcemap@^0.1.1":
  version "0.1.1"
  resolved "https://registry.yarnpkg.com/@mischnic/json-sourcemap/-/json-sourcemap-0.1.1.tgz#0ef9b015a8f575dd9a8720d9a6b4dbc988425906"
  integrity sha512-iA7+tyVqfrATAIsIRWQG+a7ZLLD0VaOCKV2Wd/v4mqIU3J9c4jx9p7S0nw1XH3gJCKNBOOwACOPYYSUu9pgT+w==
  dependencies:
    "@lezer/common" "^1.0.0"
    "@lezer/lr" "^1.0.0"
    json5 "^2.2.1"

"@parcel/codeframe@2.15.2":
  version "2.15.2"
  resolved "https://registry.yarnpkg.com/@parcel/codeframe/-/codeframe-2.15.2.tgz#1e5dc21fbdfa6064c2dd790ae1e997b1f26f45d4"
  integrity sha512-uzcHUXBXV+vUqXE7SR6Et60GauPGTWvc381pVzCzc90VQJyWY/xyRRIgcA+4MLi2+lQj+w4Uq9H9qg+hMx/JFg==
  dependencies:
    chalk "^4.1.2"

"@parcel/diagnostic@2.15.2":
  version "2.15.2"
  resolved "https://registry.yarnpkg.com/@parcel/diagnostic/-/diagnostic-2.15.2.tgz#6f77032bde57a64a345dfe56c466b9a15f45b49c"
  integrity sha512-lsIF59BgfLzN3SP5VM42pa9lilcotEoF42H2RgnqLe3KACcNcbbtvjyjlvac+iaSRix4gEkuZa6376X6p7DkFQ==
  dependencies:
    "@mischnic/json-sourcemap" "^0.1.1"
    nullthrows "^1.1.1"

"@parcel/events@2.15.2":
  version "2.15.2"
  resolved "https://registry.yarnpkg.com/@parcel/events/-/events-2.15.2.tgz#afdf680d04109b48aa0df14821a682b67843e9f1"
  integrity sha512-CxXVuYz/K3sDIquM+3Pemxhppb8Q/mRayxqxZtXHoKbhiLBeyX+pLz2v9Hr0R7fiN6naV00IG48Zc5aArHXR4w==

"@parcel/feature-flags@2.15.2":
  version "2.15.2"
  resolved "https://registry.yarnpkg.com/@parcel/feature-flags/-/feature-flags-2.15.2.tgz#922eaf9332e04529ec169154dc506e6113d40bac"
  integrity sha512-6oiuLd3ypk4GY8X9/l/GrngzSddHW8yF8DrYA++TkaPDtTz4llanza/p7RIk/ltdV3hmBxnH4vjWtciJEcbQww==

"@parcel/logger@2.15.2":
  version "2.15.2"
  resolved "https://registry.yarnpkg.com/@parcel/logger/-/logger-2.15.2.tgz#e9aae2cd38debdb20c17f2d42c36efbfe971a250"
  integrity sha512-naF3dXcvO1lZvtCi6kCTaXhB1cqRwWkRifQRfEei+yp0QZqZF9dmWwZzMOefst/PTl3RaW014vrwFtiegdqsbQ==
  dependencies:
    "@parcel/diagnostic" "2.15.2"
    "@parcel/events" "2.15.2"

"@parcel/markdown-ansi@2.15.2":
  version "2.15.2"
  resolved "https://registry.yarnpkg.com/@parcel/markdown-ansi/-/markdown-ansi-2.15.2.tgz#0836e1b92c50fb2054b8e36696447c0966dc58e7"
  integrity sha512-qioxe3Gw/khhrZXeF3tmJeChoq70prxGqVhJylsnGimxHbxjLo3i8Jo8Thi36GiGcOTYSeyF/2tMo9BW2t2vqA==
  dependencies:
    chalk "^4.1.2"

"@parcel/plugin@2.15.2":
  version "2.15.2"
  resolved "https://registry.yarnpkg.com/@parcel/plugin/-/plugin-2.15.2.tgz#cdc5746084c632631b538372f81486154026c2c2"
  integrity sha512-5ii1OpD/lGdpvy5AS1jChpCwEZP0eFaucy8szOjmfl4oZIeaHRHbZ5R0/3O1Hy8tY1IJF87HUKd+XV0iyD48zA==
  dependencies:
    "@parcel/types" "2.15.2"

"@parcel/profiler@2.15.2":
  version "2.15.2"
  resolved "https://registry.yarnpkg.com/@parcel/profiler/-/profiler-2.15.2.tgz#9b4fe21fc21c513dc2637121dc04b9be11b219e5"
  integrity sha512-hLTI6TIRr/tGgjTbsCqW4Avl2x8FMAHLDlDhNYjivX6ccfZmilEJnIcdKr2QtdgcaSulfRLTd5bt6uJWJ2ecKg==
  dependencies:
    "@parcel/diagnostic" "2.15.2"
    "@parcel/events" "2.15.2"
    "@parcel/types-internal" "2.15.2"
    chrome-trace-event "^1.0.2"

"@parcel/rust-darwin-arm64@2.15.2":
  version "2.15.2"
  resolved "https://registry.yarnpkg.com/@parcel/rust-darwin-arm64/-/rust-darwin-arm64-2.15.2.tgz#e48e39f9bc3d22c206a40549218b2ab92233674e"
  integrity sha512-IK5mo/7bNym1ODMWD92D2URGcAq2K/9BasRlfjWI/Gh74l3lH4EFadUfgM88L+MVCV3WTg8ht5ZA0Iyp+IQ1JQ==

"@parcel/rust-darwin-x64@2.15.2":
  version "2.15.2"
  resolved "https://registry.yarnpkg.com/@parcel/rust-darwin-x64/-/rust-darwin-x64-2.15.2.tgz#2139173951bd84716de0ab3145b7ebcd4556dc25"
  integrity sha512-J30ukJXCzXsYNlYvYsaPEAEzfCZGXVIkXtPSVpWPwcaReqFUyT2bm4I8DHoeas0JwMNaeNlJhksaJA/iomqlwA==

"@parcel/rust-linux-arm-gnueabihf@2.15.2":
  version "2.15.2"
  resolved "https://registry.yarnpkg.com/@parcel/rust-linux-arm-gnueabihf/-/rust-linux-arm-gnueabihf-2.15.2.tgz#9dad08fff94b702cfc88f570bdda62f938852a0e"
  integrity sha512-WpPddkviw8IkRRnT/dRyD3Uzvy6Yuoy5vvtDmpnrR2bJnEz5uQI3TlhMtQo7R+j6aIrDsGFJKBeo9Z0ga0ebNQ==

"@parcel/rust-linux-arm64-gnu@2.15.2":
  version "2.15.2"
  resolved "https://registry.yarnpkg.com/@parcel/rust-linux-arm64-gnu/-/rust-linux-arm64-gnu-2.15.2.tgz#023a01dab40374648135758ef7725fae75d54a80"
  integrity sha512-RzD7Gw0QqyUoWaVrtCU+v5J5pg6bybVNknqlEY4jfcJDgJHsM1V91DwJwxnI4ikG/uMedl0I40dl59x/Vo01Ow==

"@parcel/rust-linux-arm64-musl@2.15.2":
  version "2.15.2"
  resolved "https://registry.yarnpkg.com/@parcel/rust-linux-arm64-musl/-/rust-linux-arm64-musl-2.15.2.tgz#0ca91c7c7565c25d2e2c35c7734135bcd4f3da29"
  integrity sha512-mWoL7kCITrEOO0GQ+LqGUylX+6b3nsV60Lzrz2N0Pgzz3EbGS0d4gDKkjxpi6BoR+h4KL7nLhj4hhbm0OHIc4A==

"@parcel/rust-linux-x64-gnu@2.15.2":
  version "2.15.2"
  resolved "https://registry.yarnpkg.com/@parcel/rust-linux-x64-gnu/-/rust-linux-x64-gnu-2.15.2.tgz#d4b5272c50cf9fc3f7d5317de7147891f2633293"
  integrity sha512-aI8bKZTEZNYmgURiAfrgpmaoEArnMRvosfsOKnGykTjmHgsBxO/CGguFj5a4wlAZTVWcTGfs4krnUKtF9Hw6Rw==

"@parcel/rust-linux-x64-musl@2.15.2":
  version "2.15.2"
  resolved "https://registry.yarnpkg.com/@parcel/rust-linux-x64-musl/-/rust-linux-x64-musl-2.15.2.tgz#30cd063b408856c1784676e376f1bf799fbce563"
  integrity sha512-FpQOraPTjGfbHipjdbYpQLlMIRDoVL+Kl9ak+6mt0SbvP3QaXGosQXyhw0ZoNszqVLjIwC0OHEjAHdtcO6ZUvQ==

"@parcel/rust-win32-x64-msvc@2.15.2":
  version "2.15.2"
  resolved "https://registry.yarnpkg.com/@parcel/rust-win32-x64-msvc/-/rust-win32-x64-msvc-2.15.2.tgz#fd858deb0c4728b1cea53b97bda8db60e69b491f"
  integrity sha512-aSXkPc+KYAT6MnYgw2urXuDvipPkD90uJBKtSn3MY+fGOfzEluK7j0F5NdH88oTzrGVhRQxnxfe3Fc+IRhsaFQ==

"@parcel/rust@2.15.2":
  version "2.15.2"
  resolved "https://registry.yarnpkg.com/@parcel/rust/-/rust-2.15.2.tgz#5ec0f6a0d83b4ed942ca0efd2d73f9a2673702fb"
  integrity sha512-6ZIVsSnkwxvDDVaxiYK4bWtVaJBYaFQuRvcxfCMQHEzFpWl9mdZVbCs3+g69Ere7a3e2sk87B41d/FIhoaz5xw==
  optionalDependencies:
    "@parcel/rust-darwin-arm64" "2.15.2"
    "@parcel/rust-darwin-x64" "2.15.2"
    "@parcel/rust-linux-arm-gnueabihf" "2.15.2"
    "@parcel/rust-linux-arm64-gnu" "2.15.2"
    "@parcel/rust-linux-arm64-musl" "2.15.2"
    "@parcel/rust-linux-x64-gnu" "2.15.2"
    "@parcel/rust-linux-x64-musl" "2.15.2"
    "@parcel/rust-win32-x64-msvc" "2.15.2"

"@parcel/source-map@^2.1.1":
  version "2.1.1"
  resolved "https://registry.yarnpkg.com/@parcel/source-map/-/source-map-2.1.1.tgz#fb193b82dba6dd62cc7a76b326f57bb35000a782"
  integrity sha512-Ejx1P/mj+kMjQb8/y5XxDUn4reGdr+WyKYloBljpppUy8gs42T+BNoEOuRYqDVdgPc6NxduzIDoJS9pOFfV5Ew==
  dependencies:
    detect-libc "^1.0.3"

"@parcel/transformer-pug@2.15.2":
  version "2.15.2"
  resolved "https://registry.yarnpkg.com/@parcel/transformer-pug/-/transformer-pug-2.15.2.tgz#8dcd6ed3aadc77d666dca02bd64a954ea7ea085c"
  integrity sha512-m8s0zNIKGTZ26Bo9kmr4CBq6AyZkk/uh+iYvHQBu00YZpOWM8ISAVYPt1StNcO4fvRDTjDIMGG4/O9yjVHTYqw==
  dependencies:
    "@parcel/plugin" "2.15.2"
    pug "^3.0.3"

"@parcel/types-internal@2.15.2":
  version "2.15.2"
  resolved "https://registry.yarnpkg.com/@parcel/types-internal/-/types-internal-2.15.2.tgz#7dbc632dcb8821d193871e4ddd29f9d7dd2336d3"
  integrity sha512-nmMpYeG4le49nvr8FsJYGEwhCZxcrm89tvkX8xGod1yXcShEZNWVVY9ezZLKxMrVMdBveqNUW8IZCij5iFDqdQ==
  dependencies:
    "@parcel/diagnostic" "2.15.2"
    "@parcel/feature-flags" "2.15.2"
    "@parcel/source-map" "^2.1.1"
    utility-types "^3.11.0"

"@parcel/types@2.15.2":
  version "2.15.2"
  resolved "https://registry.yarnpkg.com/@parcel/types/-/types-2.15.2.tgz#21d4ef0d83af7dac2d61a7aedf8c6c3c450489df"
  integrity sha512-APVvBVVG8RIMLN5hERa2POkPkEtrNUqRbQlKpoNYlIYZaYxKzb9+4MH4cVkmkGfYk3FGU3K5RnxSxMMWsu4tdw==
  dependencies:
    "@parcel/types-internal" "2.15.2"
    "@parcel/workers" "2.15.2"

"@parcel/utils@2.15.2":
  version "2.15.2"
  resolved "https://registry.yarnpkg.com/@parcel/utils/-/utils-2.15.2.tgz#fa5292c17064105e0266c7df5064dc3434532de8"
  integrity sha512-SQ77yZyeLZf5Teq5aMAViuXKoN7JRnYZ7Pdere1FD8ZuS7E34THA4jjJKxKu9Bqtezgm+gpN1gMbSKMBfbmIZA==
  dependencies:
    "@parcel/codeframe" "2.15.2"
    "@parcel/diagnostic" "2.15.2"
    "@parcel/logger" "2.15.2"
    "@parcel/markdown-ansi" "2.15.2"
    "@parcel/rust" "2.15.2"
    "@parcel/source-map" "^2.1.1"
    chalk "^4.1.2"
    nullthrows "^1.1.1"

"@parcel/workers@2.15.2":
  version "2.15.2"
  resolved "https://registry.yarnpkg.com/@parcel/workers/-/workers-2.15.2.tgz#f83153399ad560cf072ef4cdc7485c9b64c507b9"
  integrity sha512-uQWM3Zzkk+vzFYrLQvU/oeM1LC6/EDPvpdgtvdwkUqYC6O1Oei+9cWz6Uv5UDCwizeJKt+3PyE2rB9idbEkmsQ==
  dependencies:
    "@parcel/diagnostic" "2.15.2"
    "@parcel/logger" "2.15.2"
    "@parcel/profiler" "2.15.2"
    "@parcel/types-internal" "2.15.2"
    "@parcel/utils" "2.15.2"
    nullthrows "^1.1.1"

acorn@^7.1.1:
  version "7.4.1"
  resolved "https://registry.yarnpkg.com/acorn/-/acorn-7.4.1.tgz#feaed255973d2e77555b83dbc08851a6c63520fa"
  integrity sha512-nQyp0o1/mNdbTO1PO6kHkwSrmgZ0MT/jCCpNiwbUjGoRN4dlBhqJtoQuCnEOKzgTVwg0ZWiCoQy6SxMebQVh8A==

ansi-styles@^4.1.0:
  version "4.3.0"
  resolved "https://registry.yarnpkg.com/ansi-styles/-/ansi-styles-4.3.0.tgz#edd803628ae71c04c85ae7a0906edad34b648937"
  integrity sha512-zbB9rCJAT1rbjiVDb2hqKFHNYLxgtk8NURxZ3IZwD3F6NtxbXZQCnnSi1Lkx+IDohdPlFp222wVALIheZJQSEg==
  dependencies:
    color-convert "^2.0.1"

asap@~2.0.3:
  version "2.0.6"
  resolved "https://registry.yarnpkg.com/asap/-/asap-2.0.6.tgz#e50347611d7e690943208bbdafebcbc2fb866d46"
  integrity sha512-BSHWgDSAiKs50o2Re8ppvp3seVHXSRM44cdSsT9FfNEUUZLOGWVCsiWaRPWM1Znn+mqZ1OfVZ3z3DWEzSp7hRA==

assert-never@^1.2.1:
  version "1.4.0"
  resolved "https://registry.yarnpkg.com/assert-never/-/assert-never-1.4.0.tgz#b0d4988628c87f35eb94716cc54422a63927e175"
  integrity sha512-5oJg84os6NMQNl27T9LnZkvvqzvAnHu03ShCnoj6bsJwS7L8AO4lf+C/XjK/nvzEqQB744moC6V128RucQd1jA==

babel-walk@3.0.0-canary-5:
  version "3.0.0-canary-5"
  resolved "https://registry.yarnpkg.com/babel-walk/-/babel-walk-3.0.0-canary-5.tgz#f66ecd7298357aee44955f235a6ef54219104b11"
  integrity sha512-GAwkz0AihzY5bkwIY5QDR+LvsRQgB/B+1foMPvi0FZPMl5fjD7ICiznUiBdLYMH1QYe6vqu4gWYytZOccLouFw==
  dependencies:
    "@babel/types" "^7.9.6"

call-bind-apply-helpers@^1.0.1, call-bind-apply-helpers@^1.0.2:
  version "1.0.2"
  resolved "https://registry.yarnpkg.com/call-bind-apply-helpers/-/call-bind-apply-helpers-1.0.2.tgz#4b5428c222be985d79c3d82657479dbe0b59b2d6"
  integrity sha512-Sp1ablJ0ivDkSzjcaJdxEunN5/XvksFJ2sMBFfq6x0ryhQV/2b/KwFe21cMpmHtPOSij8K99/wSfoEuTObmuMQ==
  dependencies:
    es-errors "^1.3.0"
    function-bind "^1.1.2"

call-bound@^1.0.2:
  version "1.0.4"
  resolved "https://registry.yarnpkg.com/call-bound/-/call-bound-1.0.4.tgz#238de935d2a2a692928c538c7ccfa91067fd062a"
  integrity sha512-+ys997U96po4Kx/ABpBCqhA9EuxJaQWDQg7295H4hBphv3IZg0boBKuwYpt4YXp6MZ5AmZQnU/tyMTlRpaSejg==
  dependencies:
    call-bind-apply-helpers "^1.0.2"
    get-intrinsic "^1.3.0"

chalk@^4.1.2:
  version "4.1.2"
  resolved "https://registry.yarnpkg.com/chalk/-/chalk-4.1.2.tgz#aac4e2b7734a740867aeb16bf02aad556a1e7a01"
  integrity sha512-oKnbhFyRIXpUuez8iBMmyEa4nbj4IOQyuhc/wy9kY7/WVPcwIO9VA668Pu8RkO7+0G76SLROeyw9CpQ061i4mA==
  dependencies:
    ansi-styles "^4.1.0"
    supports-color "^7.1.0"

character-parser@^2.2.0:
  version "2.2.0"
  resolved "https://registry.yarnpkg.com/character-parser/-/character-parser-2.2.0.tgz#c7ce28f36d4bcd9744e5ffc2c5fcde1c73261fc0"
  integrity sha512-+UqJQjFEFaTAs3bNsF2j2kEN1baG/zghZbdqoYEDxGZtJo9LBzl1A+m0D4n3qKx8N2FNv8/Xp6yV9mQmBuptaw==
  dependencies:
    is-regex "^1.0.3"

chrome-trace-event@^1.0.2:
  version "1.0.4"
  resolved "https://registry.yarnpkg.com/chrome-trace-event/-/chrome-trace-event-1.0.4.tgz#05bffd7ff928465093314708c93bdfa9bd1f0f5b"
  integrity sha512-rNjApaLzuwaOTjCiT8lSDdGN1APCiqkChLMJxJPWLunPAt5fy8xgU9/jNOchV84wfIxrA0lRQB7oCT8jrn/wrQ==

color-convert@^2.0.1:
  version "2.0.1"
  resolved "https://registry.yarnpkg.com/color-convert/-/color-convert-2.0.1.tgz#72d3a68d598c9bdb3af2ad1e84f21d896abd4de3"
  integrity sha512-RRECPsj7iu/xb5oKYcsFHSppFNnsj/52OVTRKb4zP5onXwVF3zVmmToNcOfGC+CRDpfK/U584fMg38ZHCaElKQ==
  dependencies:
    color-name "~1.1.4"

color-name@~1.1.4:
  version "1.1.4"
  resolved "https://registry.yarnpkg.com/color-name/-/color-name-1.1.4.tgz#c2a09a87acbde69543de6f63fa3995c826c536a2"
  integrity sha512-dOy+3AuW3a2wNbZHIuMZpTcgjGuLU/uBL/ubcZF9OXbDo8ff4O8yVp5Bf0efS8uEoYo5q4Fx7dY9OgQGXgAsQA==

constantinople@^4.0.1:
  version "4.0.1"
  resolved "https://registry.yarnpkg.com/constantinople/-/constantinople-4.0.1.tgz#0def113fa0e4dc8de83331a5cf79c8b325213151"
  integrity sha512-vCrqcSIq4//Gx74TXXCGnHpulY1dskqLTFGDmhrGxzeXL8lF8kvXv6mpNWlJj1uD4DW23D4ljAqbY4RRaaUZIw==
  dependencies:
    "@babel/parser" "^7.6.0"
    "@babel/types" "^7.6.1"

detect-libc@^1.0.3:
  version "1.0.3"
  resolved "https://registry.yarnpkg.com/detect-libc/-/detect-libc-1.0.3.tgz#fa137c4bd698edf55cd5cd02ac559f91a4c4ba9b"
  integrity sha512-pGjwhsmsp4kL2RTz08wcOlGN83otlqHeD/Z5T8GXZB+/YcpQ/dgo+lbU8ZsGxV0HIvqqxo9l7mqYwyYMD9bKDg==

doctypes@^1.1.0:
  version "1.1.0"
  resolved "https://registry.yarnpkg.com/doctypes/-/doctypes-1.1.0.tgz#ea80b106a87538774e8a3a4a5afe293de489e0a9"
  integrity sha512-LLBi6pEqS6Do3EKQ3J0NqHWV5hhb78Pi8vvESYwyOy2c31ZEZVdtitdzsQsKb7878PEERhzUk0ftqGhG6Mz+pQ==

dunder-proto@^1.0.1:
  version "1.0.1"
  resolved "https://registry.yarnpkg.com/dunder-proto/-/dunder-proto-1.0.1.tgz#d7ae667e1dc83482f8b70fd0f6eefc50da30f58a"
  integrity sha512-KIN/nDJBQRcXw0MLVhZE9iQHmG68qAVIBg9CqmUYjmQIhgij9U5MFvrqkUL5FbtyyzZuOeOt0zdeRe4UY7ct+A==
  dependencies:
    call-bind-apply-helpers "^1.0.1"
    es-errors "^1.3.0"
    gopd "^1.2.0"

es-define-property@^1.0.1:
  version "1.0.1"
  resolved "https://registry.yarnpkg.com/es-define-property/-/es-define-property-1.0.1.tgz#983eb2f9a6724e9303f61addf011c72e09e0b0fa"
  integrity sha512-e3nRfgfUZ4rNGL232gUgX06QNyyez04KdjFrF+LTRoOXmrOgFKDg4BCdsjW8EnT69eqdYGmRpJwiPVYNrCaW3g==

es-errors@^1.3.0:
  version "1.3.0"
  resolved "https://registry.yarnpkg.com/es-errors/-/es-errors-1.3.0.tgz#05f75a25dab98e4fb1dcd5e1472c0546d5057c8f"
  integrity sha512-Zf5H2Kxt2xjTvbJvP2ZWLEICxA6j+hAmMzIlypy4xcBg1vKVnx89Wy0GbS+kf5cwCVFFzdCFh2XSCFNULS6csw==

es-object-atoms@^1.0.0, es-object-atoms@^1.1.1:
  version "1.1.1"
  resolved "https://registry.yarnpkg.com/es-object-atoms/-/es-object-atoms-1.1.1.tgz#1c4f2c4837327597ce69d2ca190a7fdd172338c1"
  integrity sha512-FGgH2h8zKNim9ljj7dankFPcICIK9Cp5bm+c2gQSYePhpaG5+esrLODihIorn+Pe6FGJzWhXQotPv73jTaldXA==
  dependencies:
    es-errors "^1.3.0"

function-bind@^1.1.2:
  version "1.1.2"
  resolved "https://registry.yarnpkg.com/function-bind/-/function-bind-1.1.2.tgz#2c02d864d97f3ea6c8830c464cbd11ab6eab7a1c"
  integrity sha512-7XHNxH7qX9xG5mIwxkhumTox/MIRNcOgDrxWsMt2pAr23WHp6MrRlN7FBSFpCpr+oVO0F744iUgR82nJMfG2SA==

get-intrinsic@^1.3.0:
  version "1.3.0"
  resolved "https://registry.yarnpkg.com/get-intrinsic/-/get-intrinsic-1.3.0.tgz#743f0e3b6964a93a5491ed1bffaae054d7f98d01"
  integrity sha512-9fSjSaos/fRIVIp+xSJlE6lfwhES7LNtKaCBIamHsjr2na1BiABJPo0mOjjz8GJDURarmCPGqaiVg5mfjb98CQ==
  dependencies:
    call-bind-apply-helpers "^1.0.2"
    es-define-property "^1.0.1"
    es-errors "^1.3.0"
    es-object-atoms "^1.1.1"
    function-bind "^1.1.2"
    get-proto "^1.0.1"
    gopd "^1.2.0"
    has-symbols "^1.1.0"
    hasown "^2.0.2"
    math-intrinsics "^1.1.0"

get-proto@^1.0.1:
  version "1.0.1"
  resolved "https://registry.yarnpkg.com/get-proto/-/get-proto-1.0.1.tgz#150b3f2743869ef3e851ec0c49d15b1d14d00ee1"
  integrity sha512-sTSfBjoXBp89JvIKIefqw7U2CCebsc74kiY6awiGogKtoSGbgjYE/G/+l9sF3MWFPNc9IcoOC4ODfKHfxFmp0g==
  dependencies:
    dunder-proto "^1.0.1"
    es-object-atoms "^1.0.0"

gopd@^1.2.0:
  version "1.2.0"
  resolved "https://registry.yarnpkg.com/gopd/-/gopd-1.2.0.tgz#89f56b8217bdbc8802bd299df6d7f1081d7e51a1"
  integrity sha512-ZUKRh6/kUFoAiTAtTYPZJ3hw9wNxx+BIBOijnlG9PnrJsCcSjs1wyyD6vJpaYtgnzDrKYRSqf3OO6Rfa93xsRg==

has-flag@^4.0.0:
  version "4.0.0"
  resolved "https://registry.yarnpkg.com/has-flag/-/has-flag-4.0.0.tgz#944771fd9c81c81265c4d6941860da06bb59479b"
  integrity sha512-EykJT/Q1KjTWctppgIAgfSO0tKVuZUjhgMr17kqTumMl6Afv3EISleU7qZUzoXDFTAHTDC4NOoG/ZxU3EvlMPQ==

has-symbols@^1.0.3, has-symbols@^1.1.0:
  version "1.1.0"
  resolved "https://registry.yarnpkg.com/has-symbols/-/has-symbols-1.1.0.tgz#fc9c6a783a084951d0b971fe1018de813707a338"
  integrity sha512-1cDNdwJ2Jaohmb3sg4OmKaMBwuC48sYni5HUw2DvsC8LjGTLK9h+eb1X6RyuOHe4hT0ULCW68iomhjUoKUqlPQ==

has-tostringtag@^1.0.2:
  version "1.0.2"
  resolved "https://registry.yarnpkg.com/has-tostringtag/-/has-tostringtag-1.0.2.tgz#2cdc42d40bef2e5b4eeab7c01a73c54ce7ab5abc"
  integrity sha512-NqADB8VjPFLM2V0VvHUewwwsw0ZWBaIdgo+ieHtK3hasLz4qeCRjYcqfB6AQrBggRKppKF8L52/VqdVsO47Dlw==
  dependencies:
    has-symbols "^1.0.3"

hasown@^2.0.2:
  version "2.0.2"
  resolved "https://registry.yarnpkg.com/hasown/-/hasown-2.0.2.tgz#003eaf91be7adc372e84ec59dc37252cedb80003"
  integrity sha512-0hJU9SCPvmMzIBdZFqNPXWa6dqh7WdH0cII9y+CyS8rG3nL48Bclra9HmKhVVUHyPWNH5Y7xDwAB7bfgSjkUMQ==
  dependencies:
    function-bind "^1.1.2"

is-core-module@^2.16.0:
  version "2.16.1"
  resolved "https://registry.yarnpkg.com/is-core-module/-/is-core-module-2.16.1.tgz#2a98801a849f43e2add644fbb6bc6229b19a4ef4"
  integrity sha512-UfoeMA6fIJ8wTYFEUjelnaGI67v6+N7qXJEvQuIGa99l4xsCruSYOVSQ0uPANn4dAzm8lkYPaKLrrijLq7x23w==
  dependencies:
    hasown "^2.0.2"

is-expression@^4.0.0:
  version "4.0.0"
  resolved "https://registry.yarnpkg.com/is-expression/-/is-expression-4.0.0.tgz#c33155962abf21d0afd2552514d67d2ec16fd2ab"
  integrity sha512-zMIXX63sxzG3XrkHkrAPvm/OVZVSCPNkwMHU8oTX7/U3AL78I0QXCEICXUM13BIa8TYGZ68PiTKfQz3yaTNr4A==
  dependencies:
    acorn "^7.1.1"
    object-assign "^4.1.1"

is-promise@^2.0.0:
  version "2.2.2"
  resolved "https://registry.yarnpkg.com/is-promise/-/is-promise-2.2.2.tgz#39ab959ccbf9a774cf079f7b40c7a26f763135f1"
  integrity sha512-+lP4/6lKUBfQjZ2pdxThZvLUAafmZb8OAxFb8XXtiQmS35INgr85hdOGoEs124ez1FCnZJt6jau/T+alh58QFQ==

is-regex@^1.0.3:
  version "1.2.1"
  resolved "https://registry.yarnpkg.com/is-regex/-/is-regex-1.2.1.tgz#76d70a3ed10ef9be48eb577887d74205bf0cad22"
  integrity sha512-MjYsKHO5O7mCsmRGxWcLWheFqN9DJ/2TmngvjKXihe6efViPqc274+Fx/4fYj/r03+ESvBdTXK0V6tA3rgez1g==
  dependencies:
    call-bound "^1.0.2"
    gopd "^1.2.0"
    has-tostringtag "^1.0.2"
    hasown "^2.0.2"

js-stringify@^1.0.2:
  version "1.0.2"
  resolved "https://registry.yarnpkg.com/js-stringify/-/js-stringify-1.0.2.tgz#1736fddfd9724f28a3682adc6230ae7e4e9679db"
  integrity sha512-rtS5ATOo2Q5k1G+DADISilDA6lv79zIiwFd6CcjuIxGKLFm5C+RLImRscVap9k55i+MOZwgliw+NejvkLuGD5g==

json5@^2.2.1:
  version "2.2.3"
  resolved "https://registry.yarnpkg.com/json5/-/json5-2.2.3.tgz#78cd6f1a19bdc12b73db5ad0c61efd66c1e29283"
  integrity sha512-XmOWe7eyHYH14cLdVPoyg+GOH3rYX++KpzrylJwSW98t3Nk+U8XOl8FWKOgwtzdb8lXGf6zYwDUzeHMWfxasyg==

jstransformer@1.0.0:
  version "1.0.0"
  resolved "https://registry.yarnpkg.com/jstransformer/-/jstransformer-1.0.0.tgz#ed8bf0921e2f3f1ed4d5c1a44f68709ed24722c3"
  integrity sha512-C9YK3Rf8q6VAPDCCU9fnqo3mAfOH6vUGnMcP4AQAYIEpWtfGLpwOTmZ+igtdK5y+VvI2n3CyYSzy4Qh34eq24A==
  dependencies:
    is-promise "^2.0.0"
    promise "^7.0.1"

math-intrinsics@^1.1.0:
  version "1.1.0"
  resolved "https://registry.yarnpkg.com/math-intrinsics/-/math-intrinsics-1.1.0.tgz#a0dd74be81e2aa5c2f27e65ce283605ee4e2b7f9"
  integrity sha512-/IXtbwEk5HTPyEwyKX6hGkYXxM9nbj64B+ilVJnC/R6B0pH5G4V3b0pVbL7DBj4tkhBAppbQUlf6F6Xl9LHu1g==

nullthrows@^1.1.1:
  version "1.1.1"
  resolved "https://registry.yarnpkg.com/nullthrows/-/nullthrows-1.1.1.tgz#7818258843856ae971eae4208ad7d7eb19a431b1"
  integrity sha512-2vPPEi+Z7WqML2jZYddDIfy5Dqb0r2fze2zTxNNknZaFpVHU3mFB3R+DWeJWGVx0ecvttSGlJTI+WG+8Z4cDWw==

object-assign@^4.1.1:
  version "4.1.1"
  resolved "https://registry.yarnpkg.com/object-assign/-/object-assign-4.1.1.tgz#2109adc7965887cfc05cbbd442cac8bfbb360863"
  integrity sha512-rJgTQnkUnH1sFw8yT6VSU3zD3sWmu6sZhIseY8VX+GRu3P6F7Fu+JNDoXfklElbLJSnc3FUQHVe4cU5hj+BcUg==

path-parse@^1.0.7:
  version "1.0.7"
  resolved "https://registry.yarnpkg.com/path-parse/-/path-parse-1.0.7.tgz#fbc114b60ca42b30d9daf5858e4bd68bbedb6735"
  integrity sha512-LDJzPVEEEPR+y48z93A0Ed0yXb8pAByGWo/k5YYdYgpY2/2EsOsksJrq7lOHxryrVOn1ejG6oAp8ahvOIQD8sw==

promise@^7.0.1:
  version "7.3.1"
  resolved "https://registry.yarnpkg.com/promise/-/promise-7.3.1.tgz#064b72602b18f90f29192b8b1bc418ffd1ebd3bf"
  integrity sha512-nolQXZ/4L+bP/UGlkfaIujX9BKxGwmQ9OT4mOt5yvy8iK1h3wqTEJCijzGANTCCl9nWjY41juyAn2K3Q1hLLTg==
  dependencies:
    asap "~2.0.3"

pug-attrs@^3.0.0:
  version "3.0.0"
  resolved "https://registry.yarnpkg.com/pug-attrs/-/pug-attrs-3.0.0.tgz#b10451e0348165e31fad1cc23ebddd9dc7347c41"
  integrity sha512-azINV9dUtzPMFQktvTXciNAfAuVh/L/JCl0vtPCwvOA21uZrC08K/UnmrL+SXGEVc1FwzjW62+xw5S/uaLj6cA==
  dependencies:
    constantinople "^4.0.1"
    js-stringify "^1.0.2"
    pug-runtime "^3.0.0"

pug-code-gen@^3.0.3:
  version "3.0.3"
  resolved "https://registry.yarnpkg.com/pug-code-gen/-/pug-code-gen-3.0.3.tgz#58133178cb423fe1716aece1c1da392a75251520"
  integrity sha512-cYQg0JW0w32Ux+XTeZnBEeuWrAY7/HNE6TWnhiHGnnRYlCgyAUPoyh9KzCMa9WhcJlJ1AtQqpEYHc+vbCzA+Aw==
  dependencies:
    constantinople "^4.0.1"
    doctypes "^1.1.0"
    js-stringify "^1.0.2"
    pug-attrs "^3.0.0"
    pug-error "^2.1.0"
    pug-runtime "^3.0.1"
    void-elements "^3.1.0"
    with "^7.0.0"

pug-error@^2.0.0, pug-error@^2.1.0:
  version "2.1.0"
  resolved "https://registry.yarnpkg.com/pug-error/-/pug-error-2.1.0.tgz#17ea37b587b6443d4b8f148374ec27b54b406e55"
  integrity sha512-lv7sU9e5Jk8IeUheHata6/UThZ7RK2jnaaNztxfPYUY+VxZyk/ePVaNZ/vwmH8WqGvDz3LrNYt/+gA55NDg6Pg==

pug-filters@^4.0.0:
  version "4.0.0"
  resolved "https://registry.yarnpkg.com/pug-filters/-/pug-filters-4.0.0.tgz#d3e49af5ba8472e9b7a66d980e707ce9d2cc9b5e"
  integrity sha512-yeNFtq5Yxmfz0f9z2rMXGw/8/4i1cCFecw/Q7+D0V2DdtII5UvqE12VaZ2AY7ri6o5RNXiweGH79OCq+2RQU4A==
  dependencies:
    constantinople "^4.0.1"
    jstransformer "1.0.0"
    pug-error "^2.0.0"
    pug-walk "^2.0.0"
    resolve "^1.15.1"

pug-lexer@^5.0.1:
  version "5.0.1"
  resolved "https://registry.yarnpkg.com/pug-lexer/-/pug-lexer-5.0.1.tgz#ae44628c5bef9b190b665683b288ca9024b8b0d5"
  integrity sha512-0I6C62+keXlZPZkOJeVam9aBLVP2EnbeDw3An+k0/QlqdwH6rv8284nko14Na7c0TtqtogfWXcRoFE4O4Ff20w==
  dependencies:
    character-parser "^2.2.0"
    is-expression "^4.0.0"
    pug-error "^2.0.0"

pug-linker@^4.0.0:
  version "4.0.0"
  resolved "https://registry.yarnpkg.com/pug-linker/-/pug-linker-4.0.0.tgz#12cbc0594fc5a3e06b9fc59e6f93c146962a7708"
  integrity sha512-gjD1yzp0yxbQqnzBAdlhbgoJL5qIFJw78juN1NpTLt/mfPJ5VgC4BvkoD3G23qKzJtIIXBbcCt6FioLSFLOHdw==
  dependencies:
    pug-error "^2.0.0"
    pug-walk "^2.0.0"

pug-load@^3.0.0:
  version "3.0.0"
  resolved "https://registry.yarnpkg.com/pug-load/-/pug-load-3.0.0.tgz#9fd9cda52202b08adb11d25681fb9f34bd41b662"
  integrity sha512-OCjTEnhLWZBvS4zni/WUMjH2YSUosnsmjGBB1An7CsKQarYSWQ0GCVyd4eQPMFJqZ8w9xgs01QdiZXKVjk92EQ==
  dependencies:
    object-assign "^4.1.1"
    pug-walk "^2.0.0"

pug-parser@^6.0.0:
  version "6.0.0"
  resolved "https://registry.yarnpkg.com/pug-parser/-/pug-parser-6.0.0.tgz#a8fdc035863a95b2c1dc5ebf4ecf80b4e76a1260"
  integrity sha512-ukiYM/9cH6Cml+AOl5kETtM9NR3WulyVP2y4HOU45DyMim1IeP/OOiyEWRr6qk5I5klpsBnbuHpwKmTx6WURnw==
  dependencies:
    pug-error "^2.0.0"
    token-stream "1.0.0"

pug-runtime@^3.0.0, pug-runtime@^3.0.1:
  version "3.0.1"
  resolved "https://registry.yarnpkg.com/pug-runtime/-/pug-runtime-3.0.1.tgz#f636976204723f35a8c5f6fad6acda2a191b83d7"
  integrity sha512-L50zbvrQ35TkpHwv0G6aLSuueDRwc/97XdY8kL3tOT0FmhgG7UypU3VztfV/LATAvmUfYi4wNxSajhSAeNN+Kg==

pug-strip-comments@^2.0.0:
  version "2.0.0"
  resolved "https://registry.yarnpkg.com/pug-strip-comments/-/pug-strip-comments-2.0.0.tgz#f94b07fd6b495523330f490a7f554b4ff876303e"
  integrity sha512-zo8DsDpH7eTkPHCXFeAk1xZXJbyoTfdPlNR0bK7rpOMuhBYb0f5qUVCO1xlsitYd3w5FQTK7zpNVKb3rZoUrrQ==
  dependencies:
    pug-error "^2.0.0"

pug-walk@^2.0.0:
  version "2.0.0"
  resolved "https://registry.yarnpkg.com/pug-walk/-/pug-walk-2.0.0.tgz#417aabc29232bb4499b5b5069a2b2d2a24d5f5fe"
  integrity sha512-yYELe9Q5q9IQhuvqsZNwA5hfPkMJ8u92bQLIMcsMxf/VADjNtEYptU+inlufAFYcWdHlwNfZOEnOOQrZrcyJCQ==

pug@^3.0.3:
  version "3.0.3"
  resolved "https://registry.yarnpkg.com/pug/-/pug-3.0.3.tgz#e18324a314cd022883b1e0372b8af3a1a99f7597"
  integrity sha512-uBi6kmc9f3SZ3PXxqcHiUZLmIXgfgWooKWXcwSGwQd2Zi5Rb0bT14+8CJjJgI8AB+nndLaNgHGrcc6bPIB665g==
  dependencies:
    pug-code-gen "^3.0.3"
    pug-filters "^4.0.0"
    pug-lexer "^5.0.1"
    pug-linker "^4.0.0"
    pug-load "^3.0.0"
    pug-parser "^6.0.0"
    pug-runtime "^3.0.1"
    pug-strip-comments "^2.0.0"

resolve@^1.15.1:
  version "1.22.10"
  resolved "https://registry.yarnpkg.com/resolve/-/resolve-1.22.10.tgz#b663e83ffb09bbf2386944736baae803029b8b39"
  integrity sha512-NPRy+/ncIMeDlTAsuqwKIiferiawhefFJtkNSW0qZJEqMEb+qBt/77B/jGeeek+F0uOeN05CDa6HXbbIgtVX4w==
  dependencies:
    is-core-module "^2.16.0"
    path-parse "^1.0.7"
    supports-preserve-symlinks-flag "^1.0.0"

supports-color@^7.1.0:
  version "7.2.0"
  resolved "https://registry.yarnpkg.com/supports-color/-/supports-color-7.2.0.tgz#1b7dcdcb32b8138801b3e478ba6a51caa89648da"
  integrity sha512-qpCAvRl9stuOHveKsn7HncJRvv501qIacKzQlO/+Lwxc9+0q2wLyv4Dfvt80/DPn2pqOBsJdDiogXGR9+OvwRw==
  dependencies:
    has-flag "^4.0.0"

supports-preserve-symlinks-flag@^1.0.0:
  version "1.0.0"
  resolved "https://registry.yarnpkg.com/supports-preserve-symlinks-flag/-/supports-preserve-symlinks-flag-1.0.0.tgz#6eda4bd344a3c94aea376d4cc31bc77311039e09"
  integrity sha512-ot0WnXS9fgdkgIcePe6RHNk1WA8+muPa6cSjeR3V8K27q9BB1rTE3R1p7Hv0z1ZyAc8s6Vvv8DIyWf681MAt0w==

token-stream@1.0.0:
  version "1.0.0"
  resolved "https://registry.yarnpkg.com/token-stream/-/token-stream-1.0.0.tgz#cc200eab2613f4166d27ff9afc7ca56d49df6eb4"
  integrity sha512-VSsyNPPW74RpHwR8Fc21uubwHY7wMDeJLys2IX5zJNih+OnAnaifKHo+1LHT7DAdloQ7apeaaWg8l7qnf/TnEg==

utility-types@^3.11.0:
  version "3.11.0"
  resolved "https://registry.yarnpkg.com/utility-types/-/utility-types-3.11.0.tgz#607c40edb4f258915e901ea7995607fdf319424c"
  integrity sha512-6Z7Ma2aVEWisaL6TvBCy7P8rm2LQoPv6dJ7ecIaIixHcwfbJ0x7mWdbcwlIM5IGQxPZSFYeqRCqlOOeKoJYMkw==

void-elements@^3.1.0:
  version "3.1.0"
  resolved "https://registry.yarnpkg.com/void-elements/-/void-elements-3.1.0.tgz#614f7fbf8d801f0bb5f0661f5b2f5785750e4f09"
  integrity sha512-Dhxzh5HZuiHQhbvTW9AMetFfBHDMYpo23Uo9btPXgdYP+3T5S+p+jgNy7spra+veYhBP2dCSgxR/i2Y02h5/6w==

with@^7.0.0:
  version "7.0.2"
  resolved "https://registry.yarnpkg.com/with/-/with-7.0.2.tgz#ccee3ad542d25538a7a7a80aad212b9828495bac"
  integrity sha512-RNGKj82nUPg3g5ygxkQl0R937xLyho1J24ItRCBTr/m1YnZkzJy1hUiHUJrc/VlsDQzsCnInEGSg3bci0Lmd4w==
  dependencies:
    "@babel/parser" "^7.9.6"
    "@babel/types" "^7.9.6"
    assert-never "^1.2.1"
    babel-walk "3.0.0-canary-5"
