{
  "version": "4",
  "specifiers": {
    "jsr:@std/collections@*": "1.0.8",
    "jsr:@std/collections@^1.0.5": "1.0.8",
    "jsr:@std/fmt@*": "1.0.5",
    "jsr:@std/path@*": "1.0.6",
    "jsr:@std/toml@*": "1.0.1",
    "jsr:@std/yaml@*": "1.0.5",
    "npm:remark-parse@*": "11.0.0",
    "npm:remark-stringify@*": "11.0.0",
    "npm:unified@*": "11.0.5",
    "npm:unist-util-visit@*": "5.0.0"
  },
  "jsr": {
    "@std/collections@1.0.8": {
      "integrity": "de76692f9121838711b1d2fb5042619c074db26905a87b58cff56cfe1bd6d6d0"
    },
    "@std/fmt@1.0.5": {
      "integrity": "0cfab43364bc36650d83c425cd6d99910fc20c4576631149f0f987eddede1a4d"
    },
    "@std/path@1.0.6": {
      "integrity": "ab2c55f902b380cf28e0eec501b4906e4c1960d13f00e11cfbcd21de15f18fed"
    },
    "@std/toml@1.0.1": {
      "integrity": "b55b407159930f338d384b1f8fd317c8e8a35e27ebb8946155f49e3a158d16c4",
      "dependencies": [
        "jsr:@std/collections@^1.0.5"
      ]
    },
    "@std/yaml@1.0.5": {
      "integrity": "71ba3d334305ee2149391931508b2c293a8490f94a337eef3a09cade1a2a2742"
    }
  },
  "npm": {
    "@types/debug@4.1.12": {
      "integrity": "sha512-vIChWdVG3LG1SMxEvI/AK+FWJthlrqlTu7fbrlywTkkaONwk/UAGaULXRlf8vkzFBLVm0zkMdCquhL5aOjhXPQ==",
      "dependencies": [
        "@types/ms"
      ]
    },
    "@types/mdast@4.0.4": {
      "integrity": "sha512-kGaNbPh1k7AFzgpud/gMdvIm5xuECykRR+JnWKQno9TAXVa6WIVCGTPvYGekIDL4uwCZQSYbUxNBSb1aUo79oA==",
      "dependencies": [
        "@types/unist"
      ]
    },
    "@types/ms@2.1.0": {
      "integrity": "sha512-GsCCIZDE/p3i96vtEqx+7dBUGXrc7zeSK3wwPHIaRThS+9OhWIXRqzs4d6k1SVU8g91DrNRWxWUGhp5KXQb2VA=="
    },
    "@types/unist@3.0.3": {
      "integrity": "sha512-ko/gIFJRv177XgZsZcBwnqJN5x/Gien8qNOn0D5bQU/zAzVf9Zt3BlcUiLqhV9y4ARk0GbT3tnUiPNgnTXzc/Q=="
    },
    "bail@2.0.2": {
      "integrity": "sha512-0xO6mYd7JB2YesxDKplafRpsiOzPt9V02ddPCLbY1xYGPOX24NTyN50qnUxgCPcSoYMhKpAuBTjQoRZCAkUDRw=="
    },
    "character-entities@2.0.2": {
      "integrity": "sha512-shx7oQ0Awen/BRIdkjkvz54PnEEI/EjwXDSIZp86/KKdbafHh1Df/RYGBhn4hbe2+uKC9FnT5UCEdyPz3ai9hQ=="
    },
    "debug@4.4.0": {
      "integrity": "sha512-6WTZ/IxCY/T6BALoZHaE4ctp9xm+Z5kY/pzYaCHRFeyVhojxlrm+46y68HA6hr0TcwEssoxNiDEUJQjfPZ/RYA==",
      "dependencies": [
        "ms"
      ]
    },
    "decode-named-character-reference@1.0.2": {
      "integrity": "sha512-O8x12RzrUF8xyVcY0KJowWsmaJxQbmy0/EtnNtHRpsOcT7dFk5W598coHqBVpmWo1oQQfsCqfCmkZN5DJrZVdg==",
      "dependencies": [
        "character-entities"
      ]
    },
    "dequal@2.0.3": {
      "integrity": "sha512-0je+qPKHEMohvfRTCEo3CrPG6cAzAYgmzKyxRiYSSDkS6eGJdyVJm7WaYA5ECaAD9wLB2T4EEeymA5aFVcYXCA=="
    },
    "devlop@1.1.0": {
      "integrity": "sha512-RWmIqhcFf1lRYBvNmr7qTNuyCt/7/ns2jbpp1+PalgE/rDQcBT0fioSMUpJ93irlUhC5hrg4cYqe6U+0ImW0rA==",
      "dependencies": [
        "dequal"
      ]
    },
    "extend@3.0.2": {
      "integrity": "sha512-fjquC59cD7CyW6urNXK0FBufkZcoiGG80wTuPujX590cB5Ttln20E2UB4S/WARVqhXffZl2LNgS+gQdPIIim/g=="
    },
    "is-plain-obj@4.1.0": {
      "integrity": "sha512-+Pgi+vMuUNkJyExiMBt5IlFoMyKnr5zhJ4Uspz58WOhBF5QoIZkFyNHIbBAtHwzVAgk5RtndVNsDRN61/mmDqg=="
    },
    "longest-streak@3.1.0": {
      "integrity": "sha512-9Ri+o0JYgehTaVBBDoMqIl8GXtbWg711O3srftcHhZ0dqnETqLaoIK0x17fUw9rFSlK/0NlsKe0Ahhyl5pXE2g=="
    },
    "mdast-util-from-markdown@2.0.2": {
      "integrity": "sha512-uZhTV/8NBuw0WHkPTrCqDOl0zVe1BIng5ZtHoDk49ME1qqcjYmmLmOf0gELgcRMxN4w2iuIeVso5/6QymSrgmA==",
      "dependencies": [
        "@types/mdast",
        "@types/unist",
        "decode-named-character-reference",
        "devlop",
        "mdast-util-to-string",
        "micromark",
        "micromark-util-decode-numeric-character-reference",
        "micromark-util-decode-string",
        "micromark-util-normalize-identifier",
        "micromark-util-symbol",
        "micromark-util-types",
        "unist-util-stringify-position"
      ]
    },
    "mdast-util-phrasing@4.1.0": {
      "integrity": "sha512-TqICwyvJJpBwvGAMZjj4J2n0X8QWp21b9l0o7eXyVJ25YNWYbJDVIyD1bZXE6WtV6RmKJVYmQAKWa0zWOABz2w==",
      "dependencies": [
        "@types/mdast",
        "unist-util-is"
      ]
    },
    "mdast-util-to-markdown@2.1.2": {
      "integrity": "sha512-xj68wMTvGXVOKonmog6LwyJKrYXZPvlwabaryTjLh9LuvovB/KAH+kvi8Gjj+7rJjsFi23nkUxRQv1KqSroMqA==",
      "dependencies": [
        "@types/mdast",
        "@types/unist",
        "longest-streak",
        "mdast-util-phrasing",
        "mdast-util-to-string",
        "micromark-util-classify-character",
        "micromark-util-decode-string",
        "unist-util-visit",
        "zwitch"
      ]
    },
    "mdast-util-to-string@4.0.0": {
      "integrity": "sha512-0H44vDimn51F0YwvxSJSm0eCDOJTRlmN0R1yBh4HLj9wiV1Dn0QoXGbvFAWj2hSItVTlCmBF1hqKlIyUBVFLPg==",
      "dependencies": [
        "@types/mdast"
      ]
    },
    "micromark-core-commonmark@2.0.3": {
      "integrity": "sha512-RDBrHEMSxVFLg6xvnXmb1Ayr2WzLAWjeSATAoxwKYJV94TeNavgoIdA0a9ytzDSVzBy2YKFK+emCPOEibLeCrg==",
      "dependencies": [
        "decode-named-character-reference",
        "devlop",
        "micromark-factory-destination",
        "micromark-factory-label",
        "micromark-factory-space",
        "micromark-factory-title",
        "micromark-factory-whitespace",
        "micromark-util-character",
        "micromark-util-chunked",
        "micromark-util-classify-character",
        "micromark-util-html-tag-name",
        "micromark-util-normalize-identifier",
        "micromark-util-resolve-all",
        "micromark-util-subtokenize",
        "micromark-util-symbol",
        "micromark-util-types"
      ]
    },
    "micromark-factory-destination@2.0.1": {
      "integrity": "sha512-Xe6rDdJlkmbFRExpTOmRj9N3MaWmbAgdpSrBQvCFqhezUn4AHqJHbaEnfbVYYiexVSs//tqOdY/DxhjdCiJnIA==",
      "dependencies": [
        "micromark-util-character",
        "micromark-util-symbol",
        "micromark-util-types"
      ]
    },
    "micromark-factory-label@2.0.1": {
      "integrity": "sha512-VFMekyQExqIW7xIChcXn4ok29YE3rnuyveW3wZQWWqF4Nv9Wk5rgJ99KzPvHjkmPXF93FXIbBp6YdW3t71/7Vg==",
      "dependencies": [
        "devlop",
        "micromark-util-character",
        "micromark-util-symbol",
        "micromark-util-types"
      ]
    },
    "micromark-factory-space@2.0.1": {
      "integrity": "sha512-zRkxjtBxxLd2Sc0d+fbnEunsTj46SWXgXciZmHq0kDYGnck/ZSGj9/wULTV95uoeYiK5hRXP2mJ98Uo4cq/LQg==",
      "dependencies": [
        "micromark-util-character",
        "micromark-util-types"
      ]
    },
    "micromark-factory-title@2.0.1": {
      "integrity": "sha512-5bZ+3CjhAd9eChYTHsjy6TGxpOFSKgKKJPJxr293jTbfry2KDoWkhBb6TcPVB4NmzaPhMs1Frm9AZH7OD4Cjzw==",
      "dependencies": [
        "micromark-factory-space",
        "micromark-util-character",
        "micromark-util-symbol",
        "micromark-util-types"
      ]
    },
    "micromark-factory-whitespace@2.0.1": {
      "integrity": "sha512-Ob0nuZ3PKt/n0hORHyvoD9uZhr+Za8sFoP+OnMcnWK5lngSzALgQYKMr9RJVOWLqQYuyn6ulqGWSXdwf6F80lQ==",
      "dependencies": [
        "micromark-factory-space",
        "micromark-util-character",
        "micromark-util-symbol",
        "micromark-util-types"
      ]
    },
    "micromark-util-character@2.1.1": {
      "integrity": "sha512-wv8tdUTJ3thSFFFJKtpYKOYiGP2+v96Hvk4Tu8KpCAsTMs6yi+nVmGh1syvSCsaxz45J6Jbw+9DD6g97+NV67Q==",
      "dependencies": [
        "micromark-util-symbol",
        "micromark-util-types"
      ]
    },
    "micromark-util-chunked@2.0.1": {
      "integrity": "sha512-QUNFEOPELfmvv+4xiNg2sRYeS/P84pTW0TCgP5zc9FpXetHY0ab7SxKyAQCNCc1eK0459uoLI1y5oO5Vc1dbhA==",
      "dependencies": [
        "micromark-util-symbol"
      ]
    },
    "micromark-util-classify-character@2.0.1": {
      "integrity": "sha512-K0kHzM6afW/MbeWYWLjoHQv1sgg2Q9EccHEDzSkxiP/EaagNzCm7T/WMKZ3rjMbvIpvBiZgwR3dKMygtA4mG1Q==",
      "dependencies": [
        "micromark-util-character",
        "micromark-util-symbol",
        "micromark-util-types"
      ]
    },
    "micromark-util-combine-extensions@2.0.1": {
      "integrity": "sha512-OnAnH8Ujmy59JcyZw8JSbK9cGpdVY44NKgSM7E9Eh7DiLS2E9RNQf0dONaGDzEG9yjEl5hcqeIsj4hfRkLH/Bg==",
      "dependencies": [
        "micromark-util-chunked",
        "micromark-util-types"
      ]
    },
    "micromark-util-decode-numeric-character-reference@2.0.2": {
      "integrity": "sha512-ccUbYk6CwVdkmCQMyr64dXz42EfHGkPQlBj5p7YVGzq8I7CtjXZJrubAYezf7Rp+bjPseiROqe7G6foFd+lEuw==",
      "dependencies": [
        "micromark-util-symbol"
      ]
    },
    "micromark-util-decode-string@2.0.1": {
      "integrity": "sha512-nDV/77Fj6eH1ynwscYTOsbK7rR//Uj0bZXBwJZRfaLEJ1iGBR6kIfNmlNqaqJf649EP0F3NWNdeJi03elllNUQ==",
      "dependencies": [
        "decode-named-character-reference",
        "micromark-util-character",
        "micromark-util-decode-numeric-character-reference",
        "micromark-util-symbol"
      ]
    },
    "micromark-util-encode@2.0.1": {
      "integrity": "sha512-c3cVx2y4KqUnwopcO9b/SCdo2O67LwJJ/UyqGfbigahfegL9myoEFoDYZgkT7f36T0bLrM9hZTAaAyH+PCAXjw=="
    },
    "micromark-util-html-tag-name@2.0.1": {
      "integrity": "sha512-2cNEiYDhCWKI+Gs9T0Tiysk136SnR13hhO8yW6BGNyhOC4qYFnwF1nKfD3HFAIXA5c45RrIG1ub11GiXeYd1xA=="
    },
    "micromark-util-normalize-identifier@2.0.1": {
      "integrity": "sha512-sxPqmo70LyARJs0w2UclACPUUEqltCkJ6PhKdMIDuJ3gSf/Q+/GIe3WKl0Ijb/GyH9lOpUkRAO2wp0GVkLvS9Q==",
      "dependencies": [
        "micromark-util-symbol"
      ]
    },
    "micromark-util-resolve-all@2.0.1": {
      "integrity": "sha512-VdQyxFWFT2/FGJgwQnJYbe1jjQoNTS4RjglmSjTUlpUMa95Htx9NHeYW4rGDJzbjvCsl9eLjMQwGeElsqmzcHg==",
      "dependencies": [
        "micromark-util-types"
      ]
    },
    "micromark-util-sanitize-uri@2.0.1": {
      "integrity": "sha512-9N9IomZ/YuGGZZmQec1MbgxtlgougxTodVwDzzEouPKo3qFWvymFHWcnDi2vzV1ff6kas9ucW+o3yzJK9YB1AQ==",
      "dependencies": [
        "micromark-util-character",
        "micromark-util-encode",
        "micromark-util-symbol"
      ]
    },
    "micromark-util-subtokenize@2.1.0": {
      "integrity": "sha512-XQLu552iSctvnEcgXw6+Sx75GflAPNED1qx7eBJ+wydBb2KCbRZe+NwvIEEMM83uml1+2WSXpBAcp9IUCgCYWA==",
      "dependencies": [
        "devlop",
        "micromark-util-chunked",
        "micromark-util-symbol",
        "micromark-util-types"
      ]
    },
    "micromark-util-symbol@2.0.1": {
      "integrity": "sha512-vs5t8Apaud9N28kgCrRUdEed4UJ+wWNvicHLPxCa9ENlYuAY31M0ETy5y1vA33YoNPDFTghEbnh6efaE8h4x0Q=="
    },
    "micromark-util-types@2.0.2": {
      "integrity": "sha512-Yw0ECSpJoViF1qTU4DC6NwtC4aWGt1EkzaQB8KPPyCRR8z9TWeV0HbEFGTO+ZY1wB22zmxnJqhPyTpOVCpeHTA=="
    },
    "micromark@4.0.2": {
      "integrity": "sha512-zpe98Q6kvavpCr1NPVSCMebCKfD7CA2NqZ+rykeNhONIJBpc1tFKt9hucLGwha3jNTNI8lHpctWJWoimVF4PfA==",
      "dependencies": [
        "@types/debug",
        "debug",
        "decode-named-character-reference",
        "devlop",
        "micromark-core-commonmark",
        "micromark-factory-space",
        "micromark-util-character",
        "micromark-util-chunked",
        "micromark-util-combine-extensions",
        "micromark-util-decode-numeric-character-reference",
        "micromark-util-encode",
        "micromark-util-normalize-identifier",
        "micromark-util-resolve-all",
        "micromark-util-sanitize-uri",
        "micromark-util-subtokenize",
        "micromark-util-symbol",
        "micromark-util-types"
      ]
    },
    "ms@2.1.3": {
      "integrity": "sha512-6FlzubTLZG3J2a/NVCAleEhjzq5oxgHyaCU9yYXvcLsvoVaHJq/s5xXI6/XXP6tz7R9xAOtHnSO/tXtF3WRTlA=="
    },
    "remark-parse@11.0.0": {
      "integrity": "sha512-FCxlKLNGknS5ba/1lmpYijMUzX2esxW5xQqjWxw2eHFfS2MSdaHVINFmhjo+qN1WhZhNimq0dZATN9pH0IDrpA==",
      "dependencies": [
        "@types/mdast",
        "mdast-util-from-markdown",
        "micromark-util-types",
        "unified"
      ]
    },
    "remark-stringify@11.0.0": {
      "integrity": "sha512-1OSmLd3awB/t8qdoEOMazZkNsfVTeY4fTsgzcQFdXNq8ToTN4ZGwrMnlda4K6smTFKD+GRV6O48i6Z4iKgPPpw==",
      "dependencies": [
        "@types/mdast",
        "mdast-util-to-markdown",
        "unified"
      ]
    },
    "trough@2.2.0": {
      "integrity": "sha512-tmMpK00BjZiUyVyvrBK7knerNgmgvcV/KLVyuma/SC+TQN167GrMRciANTz09+k3zW8L8t60jWO1GpfkZdjTaw=="
    },
    "unified@11.0.5": {
      "integrity": "sha512-xKvGhPWw3k84Qjh8bI3ZeJjqnyadK+GEFtazSfZv/rKeTkTjOJho6mFqh2SM96iIcZokxiOpg78GazTSg8+KHA==",
      "dependencies": [
        "@types/unist",
        "bail",
        "devlop",
        "extend",
        "is-plain-obj",
        "trough",
        "vfile"
      ]
    },
    "unist-util-is@6.0.0": {
      "integrity": "sha512-2qCTHimwdxLfz+YzdGfkqNlH0tLi9xjTnHddPmJwtIG9MGsdbutfTc4P+haPD7l7Cjxf/WZj+we5qfVPvvxfYw==",
      "dependencies": [
        "@types/unist"
      ]
    },
    "unist-util-stringify-position@4.0.0": {
      "integrity": "sha512-0ASV06AAoKCDkS2+xw5RXJywruurpbC4JZSm7nr7MOt1ojAzvyyaO+UxZf18j8FCF6kmzCZKcAgN/yu2gm2XgQ==",
      "dependencies": [
        "@types/unist"
      ]
    },
    "unist-util-visit-parents@6.0.1": {
      "integrity": "sha512-L/PqWzfTP9lzzEa6CKs0k2nARxTdZduw3zyh8d2NVBnsyvHjSX4TWse388YrrQKbvI8w20fGjGlhgT96WwKykw==",
      "dependencies": [
        "@types/unist",
        "unist-util-is"
      ]
    },
    "unist-util-visit@5.0.0": {
      "integrity": "sha512-MR04uvD+07cwl/yhVuVWAtw+3GOR/knlL55Nd/wAdblk27GCVt3lqpTivy/tkJcZoNPzTwS1Y+KMojlLDhoTzg==",
      "dependencies": [
        "@types/unist",
        "unist-util-is",
        "unist-util-visit-parents"
      ]
    },
    "vfile-message@4.0.2": {
      "integrity": "sha512-jRDZ1IMLttGj41KcZvlrYAaI3CfqpLpfpf+Mfig13viT6NKvRzWZ+lXz0Y5D60w6uJIBAOGq9mSHf0gktF0duw==",
      "dependencies": [
        "@types/unist",
        "unist-util-stringify-position"
      ]
    },
    "vfile@6.0.3": {
      "integrity": "sha512-KzIbH/9tXat2u30jf+smMwFCsno4wHVdNmzFyL+T/L3UGqqk6JKfVqOFOZEpZSHADH1k40ab6NUIXZq422ov3Q==",
      "dependencies": [
        "@types/unist",
        "vfile-message"
      ]
    },
    "zwitch@2.0.4": {
      "integrity": "sha512-bXE4cR/kVZhKZX/RjPEflHaKVhUVl85noU3v6b8apfQEc1x4A+zBxjZ4lN8LqGd6WZ3dl98pY4o717VFmoPp+A=="
    }
  },
  "workspace": {
    "dependencies": [
      "jsr:@std/assert@1"
    ]
  }
}
